// !$*UTF8*$!
{
	archiveVersion = 1;
	classes = {
	};
	objectVersion = 56;
	objects = {

/* Begin PBXBuildFile section */
		4040BECF2BD5B36500C923D4 /* ImagePickerHelper.swift in Sources */ = {isa = PBXBuildFile; fileRef = 4040BECE2BD5B36500C923D4 /* ImagePickerHelper.swift */; };
		4040BED22BD5B85E00C923D4 /* FirebaseStorage in Frameworks */ = {isa = PBXBuildFile; productRef = 4040BED12BD5B85E00C923D4 /* FirebaseStorage */; };
		40608F242BD59E3600B0AB85 /* AppDelegate.swift in Sources */ = {isa = PBXBuildFile; fileRef = 40608F232BD59E3600B0AB85 /* AppDelegate.swift */; };
		40608F262BD59E3600B0AB85 /* SceneDelegate.swift in Sources */ = {isa = PBXBuildFile; fileRef = 40608F252BD59E3600B0AB85 /* SceneDelegate.swift */; };
		40608F282BD59E3600B0AB85 /* RemoteConfigViewController.swift in Sources */ = {isa = PBXBuildFile; fileRef = 40608F272BD59E3600B0AB85 /* RemoteConfigViewController.swift */; };
		40608F2B2BD59E3600B0AB85 /* Base in Resources */ = {isa = PBXBuildFile; fileRef = 40608F2A2BD59E3600B0AB85 /* Base */; };
		40608F2D2BD59E3700B0AB85 /* Assets.xcassets in Resources */ = {isa = PBXBuildFile; fileRef = 40608F2C2BD59E3700B0AB85 /* Assets.xcassets */; };
		40608F302BD59E3700B0AB85 /* Base in Resources */ = {isa = PBXBuildFile; fileRef = 40608F2F2BD59E3700B0AB85 /* Base */; };
		40608F392BD59EF200B0AB85 /* FirebaseRemoteConfig in Frameworks */ = {isa = PBXBuildFile; productRef = 40608F382BD59EF200B0AB85 /* FirebaseRemoteConfig */; };
		40608F3B2BD59EF200B0AB85 /* FirebaseRemoteConfigSwift in Frameworks */ = {isa = PBXBuildFile; productRef = 40608F3A2BD59EF200B0AB85 /* FirebaseRemoteConfigSwift */; };
		40608F3D2BD59F3B00B0AB85 /* FirebaseConfiguration.swift in Sources */ = {isa = PBXBuildFile; fileRef = 40608F3C2BD59F3B00B0AB85 /* FirebaseConfiguration.swift */; };
		40608F3F2BD59F7B00B0AB85 /* FirebaseRemoteConfig.swift in Sources */ = {isa = PBXBuildFile; fileRef = 40608F3E2BD59F7B00B0AB85 /* FirebaseRemoteConfig.swift */; };
		40608F412BD59FC300B0AB85 /* GoogleService-Info.plist in Resources */ = {isa = PBXBuildFile; fileRef = 40608F402BD59FC300B0AB85 /* GoogleService-Info.plist */; };
		40608F452BD5ACE000B0AB85 /* StorageViewController.swift in Sources */ = {isa = PBXBuildFile; fileRef = 40608F442BD5ACE000B0AB85 /* StorageViewController.swift */; };
/* End PBXBuildFile section */

/* Begin PBXFileReference section */
		4040BECE2BD5B36500C923D4 /* ImagePickerHelper.swift */ = {isa = PBXFileReference; lastKnownFileType = sourcecode.swift; path = ImagePickerHelper.swift; sourceTree = "<group>"; };
		40608F202BD59E3600B0AB85 /* FirebaseApp.app */ = {isa = PBXFileReference; explicitFileType = wrapper.application; includeInIndex = 0; path = FirebaseApp.app; sourceTree = BUILT_PRODUCTS_DIR; };
		40608F232BD59E3600B0AB85 /* AppDelegate.swift */ = {isa = PBXFileReference; lastKnownFileType = sourcecode.swift; path = AppDelegate.swift; sourceTree = "<group>"; };
		40608F252BD59E3600B0AB85 /* SceneDelegate.swift */ = {isa = PBXFileReference; lastKnownFileType = sourcecode.swift; path = SceneDelegate.swift; sourceTree = "<group>"; };
		40608F272BD59E3600B0AB85 /* RemoteConfigViewController.swift */ = {isa = PBXFileReference; lastKnownFileType = sourcecode.swift; path = RemoteConfigViewController.swift; sourceTree = "<group>"; };
		40608F2A2BD59E3600B0AB85 /* Base */ = {isa = PBXFileReference; lastKnownFileType = file.storyboard; name = Base; path = Base.lproj/Main.storyboard; sourceTree = "<group>"; };
		40608F2C2BD59E3700B0AB85 /* Assets.xcassets */ = {isa = PBXFileReference; lastKnownFileType = folder.assetcatalog; path = Assets.xcassets; sourceTree = "<group>"; };
		40608F2F2BD59E3700B0AB85 /* Base */ = {isa = PBXFileReference; lastKnownFileType = file.storyboard; name = Base; path = Base.lproj/LaunchScreen.storyboard; sourceTree = "<group>"; };
		40608F312BD59E3700B0AB85 /* Info.plist */ = {isa = PBXFileReference; lastKnownFileType = text.plist.xml; path = Info.plist; sourceTree = "<group>"; };
		40608F3C2BD59F3B00B0AB85 /* FirebaseConfiguration.swift */ = {isa = PBXFileReference; lastKnownFileType = sourcecode.swift; path = FirebaseConfiguration.swift; sourceTree = "<group>"; };
		40608F3E2BD59F7B00B0AB85 /* FirebaseRemoteConfig.swift */ = {isa = PBXFileReference; lastKnownFileType = sourcecode.swift; path = FirebaseRemoteConfig.swift; sourceTree = "<group>"; };
		40608F402BD59FC300B0AB85 /* GoogleService-Info.plist */ = {isa = PBXFileReference; fileEncoding = 4; lastKnownFileType = text.plist.xml; path = "GoogleService-Info.plist"; sourceTree = "<group>"; };
		40608F442BD5ACE000B0AB85 /* StorageViewController.swift */ = {isa = PBXFileReference; lastKnownFileType = sourcecode.swift; path = StorageViewController.swift; sourceTree = "<group>"; };
/* End PBXFileReference section */

/* Begin PBXFrameworksBuildPhase section */
		40608F1D2BD59E3600B0AB85 /* Frameworks */ = {
			isa = PBXFrameworksBuildPhase;
			buildActionMask = 2147483647;
			files = (
				40608F392BD59EF200B0AB85 /* FirebaseRemoteConfig in Frameworks */,
				40608F3B2BD59EF200B0AB85 /* FirebaseRemoteConfigSwift in Frameworks */,
				4040BED22BD5B85E00C923D4 /* FirebaseStorage in Frameworks */,
			);
			runOnlyForDeploymentPostprocessing = 0;
		};
/* End PBXFrameworksBuildPhase section */

/* Begin PBXGroup section */
		4040BED02BD5B85E00C923D4 /* Frameworks */ = {
			isa = PBXGroup;
			children = (
			);
			name = Frameworks;
			sourceTree = "<group>";
		};
		40608F172BD59E3600B0AB85 = {
			isa = PBXGroup;
			children = (
				40608F222BD59E3600B0AB85 /* FirebaseApp */,
				40608F212BD59E3600B0AB85 /* Products */,
				4040BED02BD5B85E00C923D4 /* Frameworks */,
			);
			sourceTree = "<group>";
		};
		40608F212BD59E3600B0AB85 /* Products */ = {
			isa = PBXGroup;
			children = (
				40608F202BD59E3600B0AB85 /* FirebaseApp.app */,
			);
			name = Products;
			sourceTree = "<group>";
		};
		40608F222BD59E3600B0AB85 /* FirebaseApp */ = {
			isa = PBXGroup;
			children = (
				40608F232BD59E3600B0AB85 /* AppDelegate.swift */,
				40608F3C2BD59F3B00B0AB85 /* FirebaseConfiguration.swift */,
				40608F3E2BD59F7B00B0AB85 /* FirebaseRemoteConfig.swift */,
				40608F252BD59E3600B0AB85 /* SceneDelegate.swift */,
				40608F272BD59E3600B0AB85 /* RemoteConfigViewController.swift */,
				40608F442BD5ACE000B0AB85 /* StorageViewController.swift */,
				4040BECE2BD5B36500C923D4 /* ImagePickerHelper.swift */,
				40608F292BD59E3600B0AB85 /* Main.storyboard */,
				40608F2C2BD59E3700B0AB85 /* Assets.xcassets */,
				40608F2E2BD59E3700B0AB85 /* LaunchScreen.storyboard */,
				40608F312BD59E3700B0AB85 /* Info.plist */,
				40608F402BD59FC300B0AB85 /* GoogleService-Info.plist */,
			);
			path = FirebaseApp;
			sourceTree = "<group>";
		};
/* End PBXGroup section */

/* Begin PBXNativeTarget section */
		40608F1F2BD59E3600B0AB85 /* FirebaseApp */ = {
			isa = PBXNativeTarget;
			buildConfigurationList = 40608F342BD59E3700B0AB85 /* Build configuration list for PBXNativeTarget "FirebaseApp" */;
			buildPhases = (
				40608F1C2BD59E3600B0AB85 /* Sources */,
				40608F1D2BD59E3600B0AB85 /* Frameworks */,
				40608F1E2BD59E3600B0AB85 /* Resources */,
			);
			buildRules = (
			);
			dependencies = (
			);
			name = FirebaseApp;
			packageProductDependencies = (
				40608F382BD59EF200B0AB85 /* FirebaseRemoteConfig */,
				40608F3A2BD59EF200B0AB85 /* FirebaseRemoteConfigSwift */,
				4040BED12BD5B85E00C923D4 /* FirebaseStorage */,
			);
			productName = FirebaseApp;
			productReference = 40608F202BD59E3600B0AB85 /* FirebaseApp.app */;
			productType = "com.apple.product-type.application";
		};
/* End PBXNativeTarget section */

/* Begin PBXProject section */
		40608F182BD59E3600B0AB85 /* Project object */ = {
			isa = PBXProject;
			attributes = {
				BuildIndependentTargetsInParallel = 1;
				LastSwiftUpdateCheck = 1530;
				LastUpgradeCheck = 1530;
				TargetAttributes = {
					40608F1F2BD59E3600B0AB85 = {
						CreatedOnToolsVersion = 15.3;
					};
				};
			};
			buildConfigurationList = 40608F1B2BD59E3600B0AB85 /* Build configuration list for PBXProject "FirebaseApp" */;
			compatibilityVersion = "Xcode 14.0";
			developmentRegion = en;
			hasScannedForEncodings = 0;
			knownRegions = (
				en,
				Base,
			);
			mainGroup = 40608F172BD59E3600B0AB85;
			packageReferences = (
				40608F372BD59EF200B0AB85 /* XCRemoteSwiftPackageReference "firebase-ios-sdk" */,
			);
			productRefGroup = 40608F212BD59E3600B0AB85 /* Products */;
			projectDirPath = "";
			projectRoot = "";
			targets = (
				40608F1F2BD59E3600B0AB85 /* FirebaseApp */,
			);
		};
/* End PBXProject section */

/* Begin PBXResourcesBuildPhase section */
		40608F1E2BD59E3600B0AB85 /* Resources */ = {
			isa = PBXResourcesBuildPhase;
			buildActionMask = 2147483647;
			files = (
				40608F2D2BD59E3700B0AB85 /* Assets.xcassets in Resources */,
				40608F412BD59FC300B0AB85 /* GoogleService-Info.plist in Resources */,
				40608F302BD59E3700B0AB85 /* Base in Resources */,
				40608F2B2BD59E3600B0AB85 /* Base in Resources */,
			);
			runOnlyForDeploymentPostprocessing = 0;
		};
/* End PBXResourcesBuildPhase section */

/* Begin PBXSourcesBuildPhase section */
		40608F1C2BD59E3600B0AB85 /* Sources */ = {
			isa = PBXSourcesBuildPhase;
			buildActionMask = 2147483647;
			files = (
				40608F282BD59E3600B0AB85 /* RemoteConfigViewController.swift in Sources */,
				40608F242BD59E3600B0AB85 /* AppDelegate.swift in Sources */,
				40608F452BD5ACE000B0AB85 /* StorageViewController.swift in Sources */,
				40608F262BD59E3600B0AB85 /* SceneDelegate.swift in Sources */,
				4040BECF2BD5B36500C923D4 /* ImagePickerHelper.swift in Sources */,
				40608F3F2BD59F7B00B0AB85 /* FirebaseRemoteConfig.swift in Sources */,
				40608F3D2BD59F3B00B0AB85 /* FirebaseConfiguration.swift in Sources */,
			);
			runOnlyForDeploymentPostprocessing = 0;
		};
/* End PBXSourcesBuildPhase section */

/* Begin PBXVariantGroup section */
		40608F292BD59E3600B0AB85 /* Main.storyboard */ = {
			isa = PBXVariantGroup;
			children = (
				40608F2A2BD59E3600B0AB85 /* Base */,
			);
			name = Main.storyboard;
			sourceTree = "<group>";
		};
		40608F2E2BD59E3700B0AB85 /* LaunchScreen.storyboard */ = {
			isa = PBXVariantGroup;
			children = (
				40608F2F2BD59E3700B0AB85 /* Base */,
			);
			name = LaunchScreen.storyboard;
			sourceTree = "<group>";
		};
/* End PBXVariantGroup section */

/* Begin XCBuildConfiguration section */
		40608F322BD59E3700B0AB85 /* Debug */ = {
			isa = XCBuildConfiguration;
			buildSettings = {
				ALWAYS_SEARCH_USER_PATHS = NO;
				ASSETCATALOG_COMPILER_GENERATE_SWIFT_ASSET_SYMBOL_EXTENSIONS = YES;
				CLANG_ANALYZER_NONNULL = YES;
				CLANG_ANALYZER_NUMBER_OBJECT_CONVERSION = YES_AGGRESSIVE;
				CLANG_CXX_LANGUAGE_STANDARD = "gnu++20";
				CLANG_ENABLE_MODULES = YES;
				CLANG_ENABLE_OBJC_ARC = YES;
				CLANG_ENABLE_OBJC_WEAK = YES;
				CLANG_WARN_BLOCK_CAPTURE_AUTORELEASING = YES;
				CLANG_WARN_BOOL_CONVERSION = YES;
				CLANG_WARN_COMMA = YES;
				CLANG_WARN_CONSTANT_CONVERSION = YES;
				CLANG_WARN_DEPRECATED_OBJC_IMPLEMENTATIONS = YES;
				CLANG_WARN_DIRECT_OBJC_ISA_USAGE = YES_ERROR;
				CLANG_WARN_DOCUMENTATION_COMMENTS = YES;
				CLANG_WARN_EMPTY_BODY = YES;
				CLANG_WARN_ENUM_CONVERSION = YES;
				CLANG_WARN_INFINITE_RECURSION = YES;
				CLANG_WARN_INT_CONVERSION = YES;
				CLANG_WARN_NON_LITERAL_NULL_CONVERSION = YES;
				CLANG_WARN_OBJC_IMPLICIT_RETAIN_SELF = YES;
				CLANG_WARN_OBJC_LITERAL_CONVERSION = YES;
				CLANG_WARN_OBJC_ROOT_CLASS = YES_ERROR;
				CLANG_WARN_QUOTED_INCLUDE_IN_FRAMEWORK_HEADER = YES;
				CLANG_WARN_RANGE_LOOP_ANALYSIS = YES;
				CLANG_WARN_STRICT_PROTOTYPES = YES;
				CLANG_WARN_SUSPICIOUS_MOVE = YES;
				CLANG_WARN_UNGUARDED_AVAILABILITY = YES_AGGRESSIVE;
				CLANG_WARN_UNREACHABLE_CODE = YES;
				CLANG_WARN__DUPLICATE_METHOD_MATCH = YES;
				COPY_PHASE_STRIP = NO;
				DEBUG_INFORMATION_FORMAT = dwarf;
				ENABLE_STRICT_OBJC_MSGSEND = YES;
				ENABLE_TESTABILITY = YES;
				ENABLE_USER_SCRIPT_SANDBOXING = YES;
				GCC_C_LANGUAGE_STANDARD = gnu17;
				GCC_DYNAMIC_NO_PIC = NO;
				GCC_NO_COMMON_BLOCKS = YES;
				GCC_OPTIMIZATION_LEVEL = 0;
				GCC_PREPROCESSOR_DEFINITIONS = (
					"DEBUG=1",
					"$(inherited)",
				);
				GCC_WARN_64_TO_32_BIT_CONVERSION = YES;
				GCC_WARN_ABOUT_RETURN_TYPE = YES_ERROR;
				GCC_WARN_UNDECLARED_SELECTOR = YES;
				GCC_WARN_UNINITIALIZED_AUTOS = YES_AGGRESSIVE;
				GCC_WARN_UNUSED_FUNCTION = YES;
				GCC_WARN_UNUSED_VARIABLE = YES;
				IPHONEOS_DEPLOYMENT_TARGET = 17.4;
				LOCALIZATION_PREFERS_STRING_CATALOGS = YES;
				MTL_ENABLE_DEBUG_INFO = INCLUDE_SOURCE;
				MTL_FAST_MATH = YES;
				ONLY_ACTIVE_ARCH = YES;
				SDKROOT = iphoneos;
				SWIFT_ACTIVE_COMPILATION_CONDITIONS = "DEBUG $(inherited)";
				SWIFT_OPTIMIZATION_LEVEL = "-Onone";
			};
			name = Debug;
		};
		40608F332BD59E3700B0AB85 /* Release */ = {
			isa = XCBuildConfiguration;
			buildSettings = {
				ALWAYS_SEARCH_USER_PATHS = NO;
				ASSETCATALOG_COMPILER_GENERATE_SWIFT_ASSET_SYMBOL_EXTENSIONS = YES;
				CLANG_ANALYZER_NONNULL = YES;
				CLANG_ANALYZER_NUMBER_OBJECT_CONVERSION = YES_AGGRESSIVE;
				CLANG_CXX_LANGUAGE_STANDARD = "gnu++20";
				CLANG_ENABLE_MODULES = YES;
				CLANG_ENABLE_OBJC_ARC = YES;
				CLANG_ENABLE_OBJC_WEAK = YES;
				CLANG_WARN_BLOCK_CAPTURE_AUTORELEASING = YES;
				CLANG_WARN_BOOL_CONVERSION = YES;
				CLANG_WARN_COMMA = YES;
				CLANG_WARN_CONSTANT_CONVERSION = YES;
				CLANG_WARN_DEPRECATED_OBJC_IMPLEMENTATIONS = YES;
				CLANG_WARN_DIRECT_OBJC_ISA_USAGE = YES_ERROR;
				CLANG_WARN_DOCUMENTATION_COMMENTS = YES;
				CLANG_WARN_EMPTY_BODY = YES;
				CLANG_WARN_ENUM_CONVERSION = YES;
				CLANG_WARN_INFINITE_RECURSION = YES;
				CLANG_WARN_INT_CONVERSION = YES;
				CLANG_WARN_NON_LITERAL_NULL_CONVERSION = YES;
				CLANG_WARN_OBJC_IMPLICIT_RETAIN_SELF = YES;
				CLANG_WARN_OBJC_LITERAL_CONVERSION = YES;
				CLANG_WARN_OBJC_ROOT_CLASS = YES_ERROR;
				CLANG_WARN_QUOTED_INCLUDE_IN_FRAMEWORK_HEADER = YES;
				CLANG_WARN_RANGE_LOOP_ANALYSIS = YES;
				CLANG_WARN_STRICT_PROTOTYPES = YES;
				CLANG_WARN_SUSPICIOUS_MOVE = YES;
				CLANG_WARN_UNGUARDED_AVAILABILITY = YES_AGGRESSIVE;
				CLANG_WARN_UNREACHABLE_CODE = YES;
				CLANG_WARN__DUPLICATE_METHOD_MATCH = YES;
				COPY_PHASE_STRIP = NO;
				DEBUG_INFORMATION_FORMAT = "dwarf-with-dsym";
				ENABLE_NS_ASSERTIONS = NO;
				ENABLE_STRICT_OBJC_MSGSEND = YES;
				ENABLE_USER_SCRIPT_SANDBOXING = YES;
				GCC_C_LANGUAGE_STANDARD = gnu17;
				GCC_NO_COMMON_BLOCKS = YES;
				GCC_WARN_64_TO_32_BIT_CONVERSION = YES;
				GCC_WARN_ABOUT_RETURN_TYPE = YES_ERROR;
				GCC_WARN_UNDECLARED_SELECTOR = YES;
				GCC_WARN_UNINITIALIZED_AUTOS = YES_AGGRESSIVE;
				GCC_WARN_UNUSED_FUNCTION = YES;
				GCC_WARN_UNUSED_VARIABLE = YES;
				IPHONEOS_DEPLOYMENT_TARGET = 17.4;
				LOCALIZATION_PREFERS_STRING_CATALOGS = YES;
				MTL_ENABLE_DEBUG_INFO = NO;
				MTL_FAST_MATH = YES;
				SDKROOT = iphoneos;
				SWIFT_COMPILATION_MODE = wholemodule;
				VALIDATE_PRODUCT = YES;
			};
			name = Release;
		};
		40608F352BD59E3700B0AB85 /* Debug */ = {
			isa = XCBuildConfiguration;
			buildSettings = {
				ASSETCATALOG_COMPILER_APPICON_NAME = AppIcon;
				ASSETCATALOG_COMPILER_GLOBAL_ACCENT_COLOR_NAME = AccentColor;
				CODE_SIGN_STYLE = Automatic;
				CURRENT_PROJECT_VERSION = 1;
				GENERATE_INFOPLIST_FILE = YES;
				INFOPLIST_FILE = FirebaseApp/Info.plist;
				INFOPLIST_KEY_UIApplicationSupportsIndirectInputEvents = YES;
				INFOPLIST_KEY_UILaunchStoryboardName = LaunchScreen;
				INFOPLIST_KEY_UIMainStoryboardFile = Main;
				INFOPLIST_KEY_UISupportedInterfaceOrientations_iPad = "UIInterfaceOrientationPortrait UIInterfaceOrientationPortraitUpsideDown UIInterfaceOrientationLandscapeLeft UIInterfaceOrientationLandscapeRight";
				INFOPLIST_KEY_UISupportedInterfaceOrientations_iPhone = "UIInterfaceOrientationPortrait UIInterfaceOrientationLandscapeLeft UIInterfaceOrientationLandscapeRight";
				LD_RUNPATH_SEARCH_PATHS = (
					"$(inherited)",
					"@executable_path/Frameworks",
				);
				MARKETING_VERSION = 1.0;
				PRODUCT_BUNDLE_IDENTIFIER = com.atl.FirebaseApp;
				PRODUCT_NAME = "$(TARGET_NAME)";
				SWIFT_EMIT_LOC_STRINGS = YES;
				SWIFT_VERSION = 5.0;
				TARGETED_DEVICE_FAMILY = "1,2";
			};
			name = Debug;
		};
		40608F362BD59E3700B0AB85 /* Release */ = {
			isa = XCBuildConfiguration;
			buildSettings = {
				ASSETCATALOG_COMPILER_APPICON_NAME = AppIcon;
				ASSETCATALOG_COMPILER_GLOBAL_ACCENT_COLOR_NAME = AccentColor;
				CODE_SIGN_STYLE = Automatic;
				CURRENT_PROJECT_VERSION = 1;
				GENERATE_INFOPLIST_FILE = YES;
				INFOPLIST_FILE = FirebaseApp/Info.plist;
				INFOPLIST_KEY_UIApplicationSupportsIndirectInputEvents = YES;
				INFOPLIST_KEY_UILaunchStoryboardName = LaunchScreen;
				INFOPLIST_KEY_UIMainStoryboardFile = Main;
				INFOPLIST_KEY_UISupportedInterfaceOrientations_iPad = "UIInterfaceOrientationPortrait UIInterfaceOrientationPortraitUpsideDown UIInterfaceOrientationLandscapeLeft UIInterfaceOrientationLandscapeRight";
				INFOPLIST_KEY_UISupportedInterfaceOrientations_iPhone = "UIInterfaceOrientationPortrait UIInterfaceOrientationLandscapeLeft UIInterfaceOrientationLandscapeRight";
				LD_RUNPATH_SEARCH_PATHS = (
					"$(inherited)",
					"@executable_path/Frameworks",
				);
				MARKETING_VERSION = 1.0;
				PRODUCT_BUNDLE_IDENTIFIER = com.atl.FirebaseApp;
				PRODUCT_NAME = "$(TARGET_NAME)";
				SWIFT_EMIT_LOC_STRINGS = YES;
				SWIFT_VERSION = 5.0;
				TARGETED_DEVICE_FAMILY = "1,2";
			};
			name = Release;
		};
/* End XCBuildConfiguration section */

/* Begin XCConfigurationList section */
		40608F1B2BD59E3600B0AB85 /* Build configuration list for PBXProject "FirebaseApp" */ = {
			isa = XCConfigurationList;
			buildConfigurations = (
				40608F322BD59E3700B0AB85 /* Debug */,
				40608F332BD59E3700B0AB85 /* Release */,
			);
			defaultConfigurationIsVisible = 0;
			defaultConfigurationName = Release;
		};
		40608F342BD59E3700B0AB85 /* Build configuration list for PBXNativeTarget "FirebaseApp" */ = {
			isa = XCConfigurationList;
			buildConfigurations = (
				40608F352BD59E3700B0AB85 /* Debug */,
				40608F362BD59E3700B0AB85 /* Release */,
			);
			defaultConfigurationIsVisible = 0;
			defaultConfigurationName = Release;
		};
/* End XCConfigurationList section */

/* Begin XCRemoteSwiftPackageReference section */
		40608F372BD59EF200B0AB85 /* XCRemoteSwiftPackageReference "firebase-ios-sdk" */ = {
			isa = XCRemoteSwiftPackageReference;
			repositoryURL = "https://github.com/firebase/firebase-ios-sdk";
			requirement = {
				kind = upToNextMajorVersion;
				minimumVersion = 10.24.0;
			};
		};
/* End XCRemoteSwiftPackageReference section */

/* Begin XCSwiftPackageProductDependency section */
		4040BED12BD5B85E00C923D4 /* FirebaseStorage */ = {
			isa = XCSwiftPackageProductDependency;
			package = 40608F372BD59EF200B0AB85 /* XCRemoteSwiftPackageReference "firebase-ios-sdk" */;
			productName = FirebaseStorage;
		};
		40608F382BD59EF200B0AB85 /* FirebaseRemoteConfig */ = {
			isa = XCSwiftPackageProductDependency;
			package = 40608F372BD59EF200B0AB85 /* XCRemoteSwiftPackageReference "firebase-ios-sdk" */;
			productName = FirebaseRemoteConfig;
		};
		40608F3A2BD59EF200B0AB85 /* FirebaseRemoteConfigSwift */ = {
			isa = XCSwiftPackageProductDependency;
			package = 40608F372BD59EF200B0AB85 /* XCRemoteSwiftPackageReference "firebase-ios-sdk" */;
			productName = FirebaseRemoteConfigSwift;
		};
/* End XCSwiftPackageProductDependency section */
	};
	rootObject = 40608F182BD59E3600B0AB85 /* Project object */;
}
